
Microsoft Visual Studio Solution File, Format Version 12.00
# Visual Studio Version 17
VisualStudioVersion = 17.5.002.0
MinimumVisualStudioVersion = 10.0.40219.1
Project("{2150E333-8FDC-42A3-9474-1A3956D46DE8}") = "csharp-prep", "csharp-prep", "{3CB1DA07-1CC4-44B8-AA19-45837E19C4E9}"
EndProject
Project("{9A19103F-16F7-4668-BE54-9A1E7A4F7556}") = "Prep1", "csharp-prep\Prep1\Prep1.csproj", "{B8C71B92-0B95-4057-8F65-F8F54B1243F5}"
EndProject
Project("{9A19103F-16F7-4668-BE54-9A1E7A4F7556}") = "Prep2", "csharp-prep\Prep2\Prep2.csproj", "{4D485304-1817-4076-B814-97DB13412093}"
EndProject
Project("{9A19103F-16F7-4668-BE54-9A1E7A4F7556}") = "Prep3", "csharp-prep\Prep3\Prep3.csproj", "{19BDB8A6-AFC9-4E85-8521-440C4B388269}"
EndProject
Project("{9A19103F-16F7-4668-BE54-9A1E7A4F7556}") = "Prep4", "csharp-prep\Prep4\Prep4.csproj", "{5932BDB4-E30B-4075-B6C5-ECB4F29134C6}"
EndProject
Project("{9A19103F-16F7-4668-BE54-9A1E7A4F7556}") = "Prep5", "csharp-prep\Prep5\Prep5.csproj", "{50162168-CD6E-4B9F-A244-B1ACC20D404C}"
EndProject
Project("{2150E333-8FDC-42A3-9474-1A3956D46DE8}") = "final", "final", "{4278586F-EEBC-4631-AD15-AD09608DFA55}"
EndProject
Project("{9A19103F-16F7-4668-BE54-9A1E7A4F7556}") = "FinalProject", "final\FinalProject\FinalProject.csproj", "{105BF17B-50FA-4A22-B094-1A2A1597871D}"
EndProject
Project("{9A19103F-16F7-4668-BE54-9A1E7A4F7556}") = "Foundation1", "final\Foundation1\Foundation1.csproj", "{48BC981A-CEF0-4A8F-A4F8-9154BD0D8060}"
EndProject
Project("{9A19103F-16F7-4668-BE54-9A1E7A4F7556}") = "Foundation2", "final\Foundation2\Foundation2.csproj", "{C586DA2C-3EB3-4E41-93DB-68E053DCC7FC}"
EndProject
Project("{9A19103F-16F7-4668-BE54-9A1E7A4F7556}") = "Foundation3", "final\Foundation3\Foundation3.csproj", "{5FA868D5-C67D-4959-BCFB-A1C7E6808953}"
EndProject
Project("{9A19103F-16F7-4668-BE54-9A1E7A4F7556}") = "Foundation4", "final\Foundation4\Foundation4.csproj", "{B8DDA3F2-42BB-47A0-81B4-BE08BFE79793}"
EndProject
Project("{2150E333-8FDC-42A3-9474-1A3956D46DE8}") = "prepare", "prepare", "{F48D6F73-D0D8-4B9E-9A11-B0A465110EC5}"
EndProject
Project("{9A19103F-16F7-4668-BE54-9A1E7A4F7556}") = "Learning02", "prepare\Learning02\Learning02.csproj", "{634AC8BF-736C-4911-82D7-6D8BCD38CD8B}"
EndProject
Project("{9A19103F-16F7-4668-BE54-9A1E7A4F7556}") = "Learning03", "prepare\Learning03\Learning03.csproj", "{AE47137E-D062-4FA6-955D-73EDD7D081B8}"
EndProject
Project("{9A19103F-16F7-4668-BE54-9A1E7A4F7556}") = "Learning04", "prepare\Learning04\Learning04.csproj", "{5E2B74A0-7814-471B-947B-5078FDC933BF}"
EndProject
Project("{9A19103F-16F7-4668-BE54-9A1E7A4F7556}") = "Learning05", "prepare\Learning05\Learning05.csproj", "{106D47F8-EB8A-4ECE-AF6E-A9765E45A202}"
EndProject
Project("{2150E333-8FDC-42A3-9474-1A3956D46DE8}") = "prove", "prove", "{89408B3C-2064-4E4C-ADA1-DCE60C572193}"
EndProject
Project("{9A19103F-16F7-4668-BE54-9A1E7A4F7556}") = "Develop02", "prove\Develop02\Develop02.csproj", "{8B0F478E-04DD-4707-909E-B13AFAD8F7B8}"
EndProject
Project("{9A19103F-16F7-4668-BE54-9A1E7A4F7556}") = "Develop03", "prove\Develop03\Develop03.csproj", "{73F5B577-405C-4878-B328-1BBBA50A9CAA}"
EndProject
Project("{9A19103F-16F7-4668-BE54-9A1E7A4F7556}") = "Develop04", "prove\Develop04\Develop04.csproj", "{A000B759-74CE-4681-9133-E25D1E06DA31}"
EndProject
Project("{9A19103F-16F7-4668-BE54-9A1E7A4F7556}") = "Develop05", "prove\Develop05\Develop05.csproj", "{CE7B215C-1361-4CBA-8196-F681C3CD5277}"
EndProject
Project("{2150E333-8FDC-42A3-9474-1A3956D46DE8}") = "sandbox", "sandbox", "{4D8BB64A-DEA0-440B-863A-77ABBB7777EE}"
EndProject
Project("{9A19103F-16F7-4668-BE54-9A1E7A4F7556}") = "Sandbox", "sandbox\Sandbox\Sandbox.csproj", "{653D8A47-E88F-45ED-9741-9C1DA26DD800}"
EndProject
Global
	GlobalSection(SolutionConfigurationPlatforms) = preSolution
		Debug|Any CPU = Debug|Any CPU
		Release|Any CPU = Release|Any CPU
	EndGlobalSection
	GlobalSection(ProjectConfigurationPlatforms) = postSolution
		{B8C71B92-0B95-4057-8F65-F8F54B1243F5}.Debug|Any CPU.ActiveCfg = Debug|Any CPU
		{B8C71B92-0B95-4057-8F65-F8F54B1243F5}.Debug|Any CPU.Build.0 = Debug|Any CPU
		{B8C71B92-0B95-4057-8F65-F8F54B1243F5}.Release|Any CPU.ActiveCfg = Release|Any CPU
		{B8C71B92-0B95-4057-8F65-F8F54B1243F5}.Release|Any CPU.Build.0 = Release|Any CPU
		{4D485304-1817-4076-B814-97DB13412093}.Debug|Any CPU.ActiveCfg = Debug|Any CPU
		{4D485304-1817-4076-B814-97DB13412093}.Debug|Any CPU.Build.0 = Debug|Any CPU
		{4D485304-1817-4076-B814-97DB13412093}.Release|Any CPU.ActiveCfg = Release|Any CPU
		{4D485304-1817-4076-B814-97DB13412093}.Release|Any CPU.Build.0 = Release|Any CPU
		{19BDB8A6-AFC9-4E85-8521-440C4B388269}.Debug|Any CPU.ActiveCfg = Debug|Any CPU
		{19BDB8A6-AFC9-4E85-8521-440C4B388269}.Debug|Any CPU.Build.0 = Debug|Any CPU
		{19BDB8A6-AFC9-4E85-8521-440C4B388269}.Release|Any CPU.ActiveCfg = Release|Any CPU
		{19BDB8A6-AFC9-4E85-8521-440C4B388269}.Release|Any CPU.Build.0 = Release|Any CPU
		{5932BDB4-E30B-4075-B6C5-ECB4F29134C6}.Debug|Any CPU.ActiveCfg = Debug|Any CPU
		{5932BDB4-E30B-4075-B6C5-ECB4F29134C6}.Debug|Any CPU.Build.0 = Debug|Any CPU
		{5932BDB4-E30B-4075-B6C5-ECB4F29134C6}.Release|Any CPU.ActiveCfg = Release|Any CPU
		{5932BDB4-E30B-4075-B6C5-ECB4F29134C6}.Release|Any CPU.Build.0 = Release|Any CPU
		{50162168-CD6E-4B9F-A244-B1ACC20D404C}.Debug|Any CPU.ActiveCfg = Debug|Any CPU
		{50162168-CD6E-4B9F-A244-B1ACC20D404C}.Debug|Any CPU.Build.0 = Debug|Any CPU
		{50162168-CD6E-4B9F-A244-B1ACC20D404C}.Release|Any CPU.ActiveCfg = Release|Any CPU
		{50162168-CD6E-4B9F-A244-B1ACC20D404C}.Release|Any CPU.Build.0 = Release|Any CPU
		{105BF17B-50FA-4A22-B094-1A2A1597871D}.Debug|Any CPU.ActiveCfg = Debug|Any CPU
		{105BF17B-50FA-4A22-B094-1A2A1597871D}.Debug|Any CPU.Build.0 = Debug|Any CPU
		{105BF17B-50FA-4A22-B094-1A2A1597871D}.Release|Any CPU.ActiveCfg = Release|Any CPU
		{105BF17B-50FA-4A22-B094-1A2A1597871D}.Release|Any CPU.Build.0 = Release|Any CPU
		{48BC981A-CEF0-4A8F-A4F8-9154BD0D8060}.Debug|Any CPU.ActiveCfg = Debug|Any CPU
		{48BC981A-CEF0-4A8F-A4F8-9154BD0D8060}.Debug|Any CPU.Build.0 = Debug|Any CPU
		{48BC981A-CEF0-4A8F-A4F8-9154BD0D8060}.Release|Any CPU.ActiveCfg = Release|Any CPU
		{48BC981A-CEF0-4A8F-A4F8-9154BD0D8060}.Release|Any CPU.Build.0 = Release|Any CPU
		{C586DA2C-3EB3-4E41-93DB-68E053DCC7FC}.Debug|Any CPU.ActiveCfg = Debug|Any CPU
		{C586DA2C-3EB3-4E41-93DB-68E053DCC7FC}.Debug|Any CPU.Build.0 = Debug|Any CPU
		{C586DA2C-3EB3-4E41-93DB-68E053DCC7FC}.Release|Any CPU.ActiveCfg = Release|Any CPU
		{C586DA2C-3EB3-4E41-93DB-68E053DCC7FC}.Release|Any CPU.Build.0 = Release|Any CPU
		{5FA868D5-C67D-4959-BCFB-A1C7E6808953}.Debug|Any CPU.ActiveCfg = Debug|Any CPU
		{5FA868D5-C67D-4959-BCFB-A1C7E6808953}.Debug|Any CPU.Build.0 = Debug|Any CPU
		{5FA868D5-C67D-4959-BCFB-A1C7E6808953}.Release|Any CPU.ActiveCfg = Release|Any CPU
		{5FA868D5-C67D-4959-BCFB-A1C7E6808953}.Release|Any CPU.Build.0 = Release|Any CPU
		{B8DDA3F2-42BB-47A0-81B4-BE08BFE79793}.Debug|Any CPU.ActiveCfg = Debug|Any CPU
		{B8DDA3F2-42BB-47A0-81B4-BE08BFE79793}.Debug|Any CPU.Build.0 = Debug|Any CPU
		{B8DDA3F2-42BB-47A0-81B4-BE08BFE79793}.Release|Any CPU.ActiveCfg = Release|Any CPU
		{B8DDA3F2-42BB-47A0-81B4-BE08BFE79793}.Release|Any CPU.Build.0 = Release|Any CPU
		{634AC8BF-736C-4911-82D7-6D8BCD38CD8B}.Debug|Any CPU.ActiveCfg = Debug|Any CPU
		{634AC8BF-736C-4911-82D7-6D8BCD38CD8B}.Debug|Any CPU.Build.0 = Debug|Any CPU
		{634AC8BF-736C-4911-82D7-6D8BCD38CD8B}.Release|Any CPU.ActiveCfg = Release|Any CPU
		{634AC8BF-736C-4911-82D7-6D8BCD38CD8B}.Release|Any CPU.Build.0 = Release|Any CPU
		{AE47137E-D062-4FA6-955D-73EDD7D081B8}.Debug|Any CPU.ActiveCfg = Debug|Any CPU
		{AE47137E-D062-4FA6-955D-73EDD7D081B8}.Debug|Any CPU.Build.0 = Debug|Any CPU
		{AE47137E-D062-4FA6-955D-73EDD7D081B8}.Release|Any CPU.ActiveCfg = Release|Any CPU
		{AE47137E-D062-4FA6-955D-73EDD7D081B8}.Release|Any CPU.Build.0 = Release|Any CPU
		{5E2B74A0-7814-471B-947B-5078FDC933BF}.Debug|Any CPU.ActiveCfg = Debug|Any CPU
		{5E2B74A0-7814-471B-947B-5078FDC933BF}.Debug|Any CPU.Build.0 = Debug|Any CPU
		{5E2B74A0-7814-471B-947B-5078FDC933BF}.Release|Any CPU.ActiveCfg = Release|Any CPU
		{5E2B74A0-7814-471B-947B-5078FDC933BF}.Release|Any CPU.Build.0 = Release|Any CPU
		{106D47F8-EB8A-4ECE-AF6E-A9765E45A202}.Debug|Any CPU.ActiveCfg = Debug|Any CPU
		{106D47F8-EB8A-4ECE-AF6E-A9765E45A202}.Debug|Any CPU.Build.0 = Debug|Any CPU
		{106D47F8-EB8A-4ECE-AF6E-A9765E45A202}.Release|Any CPU.ActiveCfg = Release|Any CPU
		{106D47F8-EB8A-4ECE-AF6E-A9765E45A202}.Release|Any CPU.Build.0 = Release|Any CPU
		{8B0F478E-04DD-4707-909E-B13AFAD8F7B8}.Debug|Any CPU.ActiveCfg = Debug|Any CPU
		{8B0F478E-04DD-4707-909E-B13AFAD8F7B8}.Debug|Any CPU.Build.0 = Debug|Any CPU
		{8B0F478E-04DD-4707-909E-B13AFAD8F7B8}.Release|Any CPU.ActiveCfg = Release|Any CPU
		{8B0F478E-04DD-4707-909E-B13AFAD8F7B8}.Release|Any CPU.Build.0 = Release|Any CPU
		{73F5B577-405C-4878-B328-1BBBA50A9CAA}.Debug|Any CPU.ActiveCfg = Debug|Any CPU
		{73F5B577-405C-4878-B328-1BBBA50A9CAA}.Debug|Any CPU.Build.0 = Debug|Any CPU
		{73F5B577-405C-4878-B328-1BBBA50A9CAA}.Release|Any CPU.ActiveCfg = Release|Any CPU
		{73F5B577-405C-4878-B328-1BBBA50A9CAA}.Release|Any CPU.Build.0 = Release|Any CPU
		{A000B759-74CE-4681-9133-E25D1E06DA31}.Debug|Any CPU.ActiveCfg = Debug|Any CPU
		{A000B759-74CE-4681-9133-E25D1E06DA31}.Debug|Any CPU.Build.0 = Debug|Any CPU
		{A000B759-74CE-4681-9133-E25D1E06DA31}.Release|Any CPU.ActiveCfg = Release|Any CPU
		{A000B759-74CE-4681-9133-E25D1E06DA31}.Release|Any CPU.Build.0 = Release|Any CPU
		{CE7B215C-1361-4CBA-8196-F681C3CD5277}.Debug|Any CPU.ActiveCfg = Debug|Any CPU
		{CE7B215C-1361-4CBA-8196-F681C3CD5277}.Debug|Any CPU.Build.0 = Debug|Any CPU
		{CE7B215C-1361-4CBA-8196-F681C3CD5277}.Release|Any CPU.ActiveCfg = Release|Any CPU
		{CE7B215C-1361-4CBA-8196-F681C3CD5277}.Release|Any CPU.Build.0 = Release|Any CPU
		{653D8A47-E88F-45ED-9741-9C1DA26DD800}.Debug|Any CPU.ActiveCfg = Debug|Any CPU
		{653D8A47-E88F-45ED-9741-9C1DA26DD800}.Debug|Any CPU.Build.0 = Debug|Any CPU
		{653D8A47-E88F-45ED-9741-9C1DA26DD800}.Release|Any CPU.ActiveCfg = Release|Any CPU
		{653D8A47-E88F-45ED-9741-9C1DA26DD800}.Release|Any CPU.Build.0 = Release|Any CPU
	EndGlobalSection
	GlobalSection(SolutionProperties) = preSolution
		HideSolutionNode = FALSE
	EndGlobalSection
	GlobalSection(NestedProjects) = preSolution
		{B8C71B92-0B95-4057-8F65-F8F54B1243F5} = {3CB1DA07-1CC4-44B8-AA19-45837E19C4E9}
		{4D485304-1817-4076-B814-97DB13412093} = {3CB1DA07-1CC4-44B8-AA19-45837E19C4E9}
		{19BDB8A6-AFC9-4E85-8521-440C4B388269} = {3CB1DA07-1CC4-44B8-AA19-45837E19C4E9}
		{5932BDB4-E30B-4075-B6C5-ECB4F29134C6} = {3CB1DA07-1CC4-44B8-AA19-45837E19C4E9}
		{50162168-CD6E-4B9F-A244-B1ACC20D404C} = {3CB1DA07-1CC4-44B8-AA19-45837E19C4E9}
		{105BF17B-50FA-4A22-B094-1A2A1597871D} = {4278586F-EEBC-4631-AD15-AD09608DFA55}
		{48BC981A-CEF0-4A8F-A4F8-9154BD0D8060} = {4278586F-EEBC-4631-AD15-AD09608DFA55}
		{C586DA2C-3EB3-4E41-93DB-68E053DCC7FC} = {4278586F-EEBC-4631-AD15-AD09608DFA55}
		{5FA868D5-C67D-4959-BCFB-A1C7E6808953} = {4278586F-EEBC-4631-AD15-AD09608DFA55}
		{B8DDA3F2-42BB-47A0-81B4-BE08BFE79793} = {4278586F-EEBC-4631-AD15-AD09608DFA55}
		{634AC8BF-736C-4911-82D7-6D8BCD38CD8B} = {F48D6F73-D0D8-4B9E-9A11-B0A465110EC5}
		{AE47137E-D062-4FA6-955D-73EDD7D081B8} = {F48D6F73-D0D8-4B9E-9A11-B0A465110EC5}
		{5E2B74A0-7814-471B-947B-5078FDC933BF} = {F48D6F73-D0D8-4B9E-9A11-B0A465110EC5}
		{106D47F8-EB8A-4ECE-AF6E-A9765E45A202} = {F48D6F73-D0D8-4B9E-9A11-B0A465110EC5}
		{8B0F478E-04DD-4707-909E-B13AFAD8F7B8} = {89408B3C-2064-4E4C-ADA1-DCE60C572193}
		{73F5B577-405C-4878-B328-1BBBA50A9CAA} = {89408B3C-2064-4E4C-ADA1-DCE60C572193}
		{A000B759-74CE-4681-9133-E25D1E06DA31} = {89408B3C-2064-4E4C-ADA1-DCE60C572193}
		{CE7B215C-1361-4CBA-8196-F681C3CD5277} = {89408B3C-2064-4E4C-ADA1-DCE60C572193}
		{653D8A47-E88F-45ED-9741-9C1DA26DD800} = {4D8BB64A-DEA0-440B-863A-77ABBB7777EE}
	EndGlobalSection
	GlobalSection(ExtensibilityGlobals) = postSolution
		SolutionGuid = {0AD11FF2-713A-47B1-849B-DAE9CA800F5A}
	EndGlobalSection
EndGlobal
